
Microsoft Visual Studio Solution File, Format Version 12.00
# Visual Studio Version 16
VisualStudioVersion = 16.0.29920.165
MinimumVisualStudioVersion = 10.0.40219.1
Project("{FAE04EC0-301F-11D3-BF4B-00C04F79EFBC}") = "ClientePedido", "ClientePedido.csproj", "{AFE92820-BA77-4996-BD56-BE9B29A21761}"
EndProject
Global
	GlobalSection(SolutionConfigurationPlatforms) = preSolution
		Debug|Any CPU = Debug|Any CPU
		Release|Any CPU = Release|Any CPU
	EndGlobalSection
	GlobalSection(ProjectConfigurationPlatforms) = postSolution
		{AFE92820-BA77-4996-BD56-BE9B29A21761}.Debug|Any CPU.ActiveCfg = Debug|Any CPU
		{AFE92820-BA77-4996-BD56-BE9B29A21761}.Debug|Any CPU.Build.0 = Debug|Any CPU
		{AFE92820-BA77-4996-BD56-BE9B29A21761}.Release|Any CPU.ActiveCfg = Release|Any CPU
		{AFE92820-BA77-4996-BD56-BE9B29A21761}.Release|Any CPU.Build.0 = Release|Any CPU
	EndGlobalSection
	GlobalSection(SolutionProperties) = preSolution
		HideSolutionNode = FALSE
	EndGlobalSection
	GlobalSection(ExtensibilityGlobals) = postSolution
		SolutionGuid = {DF442214-5C0F-42E0-8129-E83D94351139}
	EndGlobalSection
EndGlobal
